// !$*UTF8*$!
{
	archiveVersion = 1;
	classes = {
	};
	objectVersion = 50;
	objects = {

/* Begin PBXBuildFile section */
		F352C98D214DD67700160A42 /* AppDelegate.swift in Sources */ = {isa = PBXBuildFile; fileRef = F352C98C214DD67700160A42 /* AppDelegate.swift */; };
		F352C98F214DD67700160A42 /* ViewController.swift in Sources */ = {isa = PBXBuildFile; fileRef = F352C98E214DD67700160A42 /* ViewController.swift */; };
		F352C994214DD67900160A42 /* Assets.xcassets in Resources */ = {isa = PBXBuildFile; fileRef = F352C993214DD67900160A42 /* Assets.xcassets */; };
		F352C997214DD67900160A42 /* LaunchScreen.storyboard in Resources */ = {isa = PBXBuildFile; fileRef = F352C995214DD67900160A42 /* LaunchScreen.storyboard */; };
		F352C9A3214DDA0F00160A42 /* Cell.swift in Sources */ = {isa = PBXBuildFile; fileRef = F352C9A2214DDA0F00160A42 /* Cell.swift */; };
		F352C9A7214DDD4800160A42 /* Extensions.swift in Sources */ = {isa = PBXBuildFile; fileRef = F352C9A6214DDD4800160A42 /* Extensions.swift */; };
		F352C9A9214DDEA000160A42 /* Data.swift in Sources */ = {isa = PBXBuildFile; fileRef = F352C9A8214DDEA000160A42 /* Data.swift */; };
/* End PBXBuildFile section */

/* Begin PBXFileReference section */
		F352C989214DD67700160A42 /* Astronomy Picture of the Day (APOD).app */ = {isa = PBXFileReference; explicitFileType = wrapper.application; includeInIndex = 0; path = "Astronomy Picture of the Day (APOD).app"; sourceTree = BUILT_PRODUCTS_DIR; };
		F352C98C214DD67700160A42 /* AppDelegate.swift */ = {isa = PBXFileReference; lastKnownFileType = sourcecode.swift; path = AppDelegate.swift; sourceTree = "<group>"; };
		F352C98E214DD67700160A42 /* ViewController.swift */ = {isa = PBXFileReference; lastKnownFileType = sourcecode.swift; path = ViewController.swift; sourceTree = "<group>"; };
		F352C993214DD67900160A42 /* Assets.xcassets */ = {isa = PBXFileReference; lastKnownFileType = folder.assetcatalog; path = Assets.xcassets; sourceTree = "<group>"; };
		F352C996214DD67900160A42 /* Base */ = {isa = PBXFileReference; lastKnownFileType = file.storyboard; name = Base; path = Base.lproj/LaunchScreen.storyboard; sourceTree = "<group>"; };
		F352C998214DD67900160A42 /* Info.plist */ = {isa = PBXFileReference; lastKnownFileType = text.plist.xml; path = Info.plist; sourceTree = "<group>"; };
		F352C9A2214DDA0F00160A42 /* Cell.swift */ = {isa = PBXFileReference; lastKnownFileType = sourcecode.swift; path = Cell.swift; sourceTree = "<group>"; };
		F352C9A6214DDD4800160A42 /* Extensions.swift */ = {isa = PBXFileReference; lastKnownFileType = sourcecode.swift; path = Extensions.swift; sourceTree = "<group>"; };
		F352C9A8214DDEA000160A42 /* Data.swift */ = {isa = PBXFileReference; lastKnownFileType = sourcecode.swift; path = Data.swift; sourceTree = "<group>"; };
/* End PBXFileReference section */

/* Begin PBXFrameworksBuildPhase section */
		F352C986214DD67700160A42 /* Frameworks */ = {
			isa = PBXFrameworksBuildPhase;
			buildActionMask = 2147483647;
			files = (
			);
			runOnlyForDeploymentPostprocessing = 0;
		};
/* End PBXFrameworksBuildPhase section */

/* Begin PBXGroup section */
		F352C980214DD67700160A42 = {
			isa = PBXGroup;
			children = (
				F352C98B214DD67700160A42 /* Astronomy Picture of the Day (APOD) */,
				F352C98A214DD67700160A42 /* Products */,
			);
			sourceTree = "<group>";
		};
		F352C98A214DD67700160A42 /* Products */ = {
			isa = PBXGroup;
			children = (
				F352C989214DD67700160A42 /* Astronomy Picture of the Day (APOD).app */,
			);
			name = Products;
			sourceTree = "<group>";
		};
		F352C98B214DD67700160A42 /* Astronomy Picture of the Day (APOD) */ = {
			isa = PBXGroup;
			children = (
				F352C9A5214DDD1500160A42 /* Utilities */,
				F352C9A1214DD78900160A42 /* Supporting Files */,
				F352C9A0214DD78400160A42 /* Model */,
				F352C99F214DD77F00160A42 /* View */,
				F352C99E214DD77100160A42 /* Controller */,
				F352C998214DD67900160A42 /* Info.plist */,
			);
			path = "Astronomy Picture of the Day (APOD)";
			sourceTree = "<group>";
		};
		F352C99E214DD77100160A42 /* Controller */ = {
			isa = PBXGroup;
			children = (
				F352C98E214DD67700160A42 /* ViewController.swift */,
			);
			path = Controller;
			sourceTree = "<group>";
		};
		F352C99F214DD77F00160A42 /* View */ = {
			isa = PBXGroup;
			children = (
				F352C9A2214DDA0F00160A42 /* Cell.swift */,
			);
			path = View;
			sourceTree = "<group>";
		};
		F352C9A0214DD78400160A42 /* Model */ = {
			isa = PBXGroup;
			children = (
				F352C9A8214DDEA000160A42 /* Data.swift */,
			);
			path = Model;
			sourceTree = "<group>";
		};
		F352C9A1214DD78900160A42 /* Supporting Files */ = {
			isa = PBXGroup;
			children = (
				F352C98C214DD67700160A42 /* AppDelegate.swift */,
				F352C993214DD67900160A42 /* Assets.xcassets */,
				F352C995214DD67900160A42 /* LaunchScreen.storyboard */,
			);
			path = "Supporting Files";
			sourceTree = "<group>";
		};
		F352C9A5214DDD1500160A42 /* Utilities */ = {
			isa = PBXGroup;
			children = (
				F352C9A6214DDD4800160A42 /* Extensions.swift */,
			);
			path = Utilities;
			sourceTree = "<group>";
		};
/* End PBXGroup section */

/* Begin PBXNativeTarget section */
		F352C988214DD67700160A42 /* Astronomy Picture of the Day (APOD) */ = {
			isa = PBXNativeTarget;
			buildConfigurationList = F352C99B214DD67900160A42 /* Build configuration list for PBXNativeTarget "Astronomy Picture of the Day (APOD)" */;
			buildPhases = (
				F352C985214DD67700160A42 /* Sources */,
				F352C986214DD67700160A42 /* Frameworks */,
				F352C987214DD67700160A42 /* Resources */,
			);
			buildRules = (
			);
			dependencies = (
			);
			name = "Astronomy Picture of the Day (APOD)";
			productName = "Astronomy Picture of the Day (APOD)";
			productReference = F352C989214DD67700160A42 /* Astronomy Picture of the Day (APOD).app */;
			productType = "com.apple.product-type.application";
		};
/* End PBXNativeTarget section */

/* Begin PBXProject section */
		F352C981214DD67700160A42 /* Project object */ = {
			isa = PBXProject;
			attributes = {
				LastSwiftUpdateCheck = 0940;
				LastUpgradeCheck = 0940;
				ORGANIZATIONNAME = "Zackary O'Connor";
				TargetAttributes = {
					F352C988214DD67700160A42 = {
						CreatedOnToolsVersion = 9.4.1;
					};
				};
			};
			buildConfigurationList = F352C984214DD67700160A42 /* Build configuration list for PBXProject "Astronomy Picture of the Day (APOD)" */;
			compatibilityVersion = "Xcode 9.3";
			developmentRegion = en;
			hasScannedForEncodings = 0;
			knownRegions = (
				en,
				Base,
			);
			mainGroup = F352C980214DD67700160A42;
			productRefGroup = F352C98A214DD67700160A42 /* Products */;
			projectDirPath = "";
			projectRoot = "";
			targets = (
				F352C988214DD67700160A42 /* Astronomy Picture of the Day (APOD) */,
			);
		};
/* End PBXProject section */

/* Begin PBXResourcesBuildPhase section */
		F352C987214DD67700160A42 /* Resources */ = {
			isa = PBXResourcesBuildPhase;
			buildActionMask = 2147483647;
			files = (
				F352C997214DD67900160A42 /* LaunchScreen.storyboard in Resources */,
				F352C994214DD67900160A42 /* Assets.xcassets in Resources */,
			);
			runOnlyForDeploymentPostprocessing = 0;
		};
/* End PBXResourcesBuildPhase section */

/* Begin PBXSourcesBuildPhase section */
		F352C985214DD67700160A42 /* Sources */ = {
			isa = PBXSourcesBuildPhase;
			buildActionMask = 2147483647;
			files = (
				F352C98F214DD67700160A42 /* ViewController.swift in Sources */,
				F352C9A9214DDEA000160A42 /* Data.swift in Sources */,
				F352C98D214DD67700160A42 /* AppDelegate.swift in Sources */,
				F352C9A3214DDA0F00160A42 /* Cell.swift in Sources */,
				F352C9A7214DDD4800160A42 /* Extensions.swift in Sources */,
			);
			runOnlyForDeploymentPostprocessing = 0;
		};
/* End PBXSourcesBuildPhase section */

/* Begin PBXVariantGroup section */
		F352C995214DD67900160A42 /* LaunchScreen.storyboard */ = {
			isa = PBXVariantGroup;
			children = (
				F352C996214DD67900160A42 /* Base */,
			);
			name = LaunchScreen.storyboard;
			sourceTree = "<group>";
		};
/* End PBXVariantGroup section */

/* Begin XCBuildConfiguration section */
		F352C999214DD67900160A42 /* Debug */ = {
			isa = XCBuildConfiguration;
			buildSettings = {
				ALWAYS_SEARCH_USER_PATHS = NO;
				CLANG_ANALYZER_NONNULL = YES;
				CLANG_ANALYZER_NUMBER_OBJECT_CONVERSION = YES_AGGRESSIVE;
				CLANG_CXX_LANGUAGE_STANDARD = "gnu++14";
				CLANG_CXX_LIBRARY = "libc++";
				CLANG_ENABLE_MODULES = YES;
				CLANG_ENABLE_OBJC_ARC = YES;
				CLANG_ENABLE_OBJC_WEAK = YES;
				CLANG_WARN_BLOCK_CAPTURE_AUTORELEASING = YES;
				CLANG_WARN_BOOL_CONVERSION = YES;
				CLANG_WARN_COMMA = YES;
				CLANG_WARN_CONSTANT_CONVERSION = YES;
				CLANG_WARN_DEPRECATED_OBJC_IMPLEMENTATIONS = YES;
				CLANG_WARN_DIRECT_OBJC_ISA_USAGE = YES_ERROR;
				CLANG_WARN_DOCUMENTATION_COMMENTS = YES;
				CLANG_WARN_EMPTY_BODY = YES;
				CLANG_WARN_ENUM_CONVERSION = YES;
				CLANG_WARN_INFINITE_RECURSION = YES;
				CLANG_WARN_INT_CONVERSION = YES;
				CLANG_WARN_NON_LITERAL_NULL_CONVERSION = YES;
				CLANG_WARN_OBJC_IMPLICIT_RETAIN_SELF = YES;
				CLANG_WARN_OBJC_LITERAL_CONVERSION = YES;
				CLANG_WARN_OBJC_ROOT_CLASS = YES_ERROR;
				CLANG_WARN_RANGE_LOOP_ANALYSIS = YES;
				CLANG_WARN_STRICT_PROTOTYPES = YES;
				CLANG_WARN_SUSPICIOUS_MOVE = YES;
				CLANG_WARN_UNGUARDED_AVAILABILITY = YES_AGGRESSIVE;
				CLANG_WARN_UNREACHABLE_CODE = YES;
				CLANG_WARN__DUPLICATE_METHOD_MATCH = YES;
				CODE_SIGN_IDENTITY = "iPhone Developer";
				COPY_PHASE_STRIP = NO;
				DEBUG_INFORMATION_FORMAT = dwarf;
				ENABLE_STRICT_OBJC_MSGSEND = YES;
				ENABLE_TESTABILITY = YES;
				GCC_C_LANGUAGE_STANDARD = gnu11;
				GCC_DYNAMIC_NO_PIC = NO;
				GCC_NO_COMMON_BLOCKS = YES;
				GCC_OPTIMIZATION_LEVEL = 0;
				GCC_PREPROCESSOR_DEFINITIONS = (
					"DEBUG=1",
					"$(inherited)",
				);
				GCC_WARN_64_TO_32_BIT_CONVERSION = YES;
				GCC_WARN_ABOUT_RETURN_TYPE = YES_ERROR;
				GCC_WARN_UNDECLARED_SELECTOR = YES;
				GCC_WARN_UNINITIALIZED_AUTOS = YES_AGGRESSIVE;
				GCC_WARN_UNUSED_FUNCTION = YES;
				GCC_WARN_UNUSED_VARIABLE = YES;
				IPHONEOS_DEPLOYMENT_TARGET = 11.4;
				MTL_ENABLE_DEBUG_INFO = YES;
				ONLY_ACTIVE_ARCH = YES;
				SDKROOT = iphoneos;
				SWIFT_ACTIVE_COMPILATION_CONDITIONS = DEBUG;
				SWIFT_OPTIMIZATION_LEVEL = "-Onone";
			};
			name = Debug;
		};
		F352C99A214DD67900160A42 /* Release */ = {
			isa = XCBuildConfiguration;
			buildSettings = {
				ALWAYS_SEARCH_USER_PATHS = NO;
				CLANG_ANALYZER_NONNULL = YES;
				CLANG_ANALYZER_NUMBER_OBJECT_CONVERSION = YES_AGGRESSIVE;
				CLANG_CXX_LANGUAGE_STANDARD = "gnu++14";
				CLANG_CXX_LIBRARY = "libc++";
				CLANG_ENABLE_MODULES = YES;
				CLANG_ENABLE_OBJC_ARC = YES;
				CLANG_ENABLE_OBJC_WEAK = YES;
				CLANG_WARN_BLOCK_CAPTURE_AUTORELEASING = YES;
				CLANG_WARN_BOOL_CONVERSION = YES;
				CLANG_WARN_COMMA = YES;
				CLANG_WARN_CONSTANT_CONVERSION = YES;
				CLANG_WARN_DEPRECATED_OBJC_IMPLEMENTATIONS = YES;
				CLANG_WARN_DIRECT_OBJC_ISA_USAGE = YES_ERROR;
				CLANG_WARN_DOCUMENTATION_COMMENTS = YES;
				CLANG_WARN_EMPTY_BODY = YES;
				CLANG_WARN_ENUM_CONVERSION = YES;
				CLANG_WARN_INFINITE_RECURSION = YES;
				CLANG_WARN_INT_CONVERSION = YES;
				CLANG_WARN_NON_LITERAL_NULL_CONVERSION = YES;
				CLANG_WARN_OBJC_IMPLICIT_RETAIN_SELF = YES;
				CLANG_WARN_OBJC_LITERAL_CONVERSION = YES;
				CLANG_WARN_OBJC_ROOT_CLASS = YES_ERROR;
				CLANG_WARN_RANGE_LOOP_ANALYSIS = YES;
				CLANG_WARN_STRICT_PROTOTYPES = YES;
				CLANG_WARN_SUSPICIOUS_MOVE = YES;
				CLANG_WARN_UNGUARDED_AVAILABILITY = YES_AGGRESSIVE;
				CLANG_WARN_UNREACHABLE_CODE = YES;
				CLANG_WARN__DUPLICATE_METHOD_MATCH = YES;
				CODE_SIGN_IDENTITY = "iPhone Developer";
				COPY_PHASE_STRIP = NO;
				DEBUG_INFORMATION_FORMAT = "dwarf-with-dsym";
				ENABLE_NS_ASSERTIONS = NO;
				ENABLE_STRICT_OBJC_MSGSEND = YES;
				GCC_C_LANGUAGE_STANDARD = gnu11;
				GCC_NO_COMMON_BLOCKS = YES;
				GCC_WARN_64_TO_32_BIT_CONVERSION = YES;
				GCC_WARN_ABOUT_RETURN_TYPE = YES_ERROR;
				GCC_WARN_UNDECLARED_SELECTOR = YES;
				GCC_WARN_UNINITIALIZED_AUTOS = YES_AGGRESSIVE;
				GCC_WARN_UNUSED_FUNCTION = YES;
				GCC_WARN_UNUSED_VARIABLE = YES;
				IPHONEOS_DEPLOYMENT_TARGET = 11.4;
				MTL_ENABLE_DEBUG_INFO = NO;
				SDKROOT = iphoneos;
				SWIFT_COMPILATION_MODE = wholemodule;
				SWIFT_OPTIMIZATION_LEVEL = "-O";
				VALIDATE_PRODUCT = YES;
			};
			name = Release;
		};
		F352C99C214DD67900160A42 /* Debug */ = {
			isa = XCBuildConfiguration;
			buildSettings = {
				ASSETCATALOG_COMPILER_APPICON_NAME = AppIcon;
				CODE_SIGN_STYLE = Automatic;
				DEVELOPMENT_TEAM = ZZE62SD4Y5;
				INFOPLIST_FILE = "Astronomy Picture of the Day (APOD)/Info.plist";
				LD_RUNPATH_SEARCH_PATHS = (
					"$(inherited)",
					"@executable_path/Frameworks",
				);
				PRODUCT_BUNDLE_IDENTIFIER = "com.zackaryoconnor.Astronomy-Picture-of-the-Day--APOD-";
				PRODUCT_NAME = "$(TARGET_NAME)";
				SWIFT_VERSION = 4.0;
				TARGETED_DEVICE_FAMILY = "1,2";
			};
			name = Debug;
		};
		F352C99D214DD67900160A42 /* Release */ = {
			isa = XCBuildConfiguration;
			buildSettings = {
				ASSETCATALOG_COMPILER_APPICON_NAME = AppIcon;
				CODE_SIGN_STYLE = Automatic;
				DEVELOPMENT_TEAM = ZZE62SD4Y5;
				INFOPLIST_FILE = "Astronomy Picture of the Day (APOD)/Info.plist";
				LD_RUNPATH_SEARCH_PATHS = (
					"$(inherited)",
					"@executable_path/Frameworks",
				);
				PRODUCT_BUNDLE_IDENTIFIER = "com.zackaryoconnor.Astronomy-Picture-of-the-Day--APOD-";
				PRODUCT_NAME = "$(TARGET_NAME)";
				SWIFT_VERSION = 4.0;
				TARGETED_DEVICE_FAMILY = "1,2";
			};
			name = Release;
		};
/* End XCBuildConfiguration section */

/* Begin XCConfigurationList section */
		F352C984214DD67700160A42 /* Build configuration list for PBXProject "Astronomy Picture of the Day (APOD)" */ = {
			isa = XCConfigurationList;
			buildConfigurations = (
				F352C999214DD67900160A42 /* Debug */,
				F352C99A214DD67900160A42 /* Release */,
			);
			defaultConfigurationIsVisible = 0;
			defaultConfigurationName = Release;
		};
		F352C99B214DD67900160A42 /* Build configuration list for PBXNativeTarget "Astronomy Picture of the Day (APOD)" */ = {
			isa = XCConfigurationList;
			buildConfigurations = (
				F352C99C214DD67900160A42 /* Debug */,
				F352C99D214DD67900160A42 /* Release */,
			);
			defaultConfigurationIsVisible = 0;
			defaultConfigurationName = Release;
		};
/* End XCConfigurationList section */
	};
	rootObject = F352C981214DD67700160A42 /* Project object */;
}
